FORGE
  remote: http://forge.puppetlabs.com
  specs:
    example42/puppi (2.1.1)
    puppetlabs/concat (1.0.0-rc1)
    puppetlabs/stdlib (4.1.0)

GIT
  remote: git@github.com:example42/puppet-php.git
  ref: master
  sha: b8f2e3f3dbeefa2e42eb5cbd35a2576cd11b14e3
  specs:
    php (2.0.11)
      example42/puppi (>= 2.0.0)

GIT
  remote: git@github.com:jbussdieker/puppet-redis.git
  ref: master
  sha: 9b717cbed264d2af055631fe50889e38ab9b7d36
  specs:
    redis (0.0.2)

GIT
  remote: git@github.com:jbussdieker/puppet-varnish.git
  ref: master
  sha: 9b2ecdea71ff13c0b6deda85a93843068b541271
  specs:
    varnish (0.0.2)

GIT
  remote: git@github.com:puppetlabs/puppetlabs-apache.git
  ref: master
  sha: 61e4de56dfc4c218c4e3bc2ba3461af0391156b0
  specs:
    apache (0.9.0)
      puppetlabs/concat (>= 1.0.0)
      puppetlabs/stdlib (>= 2.4.0)

GIT
  remote: git@github.com:puppetlabs/puppetlabs-apt.git
  ref: master
  sha: 3e3de6ee924ea75463e9df4ffdb5712c0e145403
  specs:
    apt (1.3.0)
      puppetlabs/stdlib (>= 2.2.1)

GIT
  remote: git@github.com:puppetlabs/puppetlabs-mysql.git
  ref: master
  sha: e0c4434815bbe0dc6851d9c40c1ba8cd84c73942
  specs:
    mysql (1.0.0)
      puppetlabs/stdlib (>= 2.2.1)

DEPENDENCIES
  apache (>= 0)
  apt (>= 0)
  mysql (>= 0)
  php (>= 0)
  redis (>= 0)
  varnish (>= 0)

