FORGE
  remote: http://forge.puppetlabs.com
  specs:
    puppetlabs/apache (0.9.0)
      puppetlabs/concat (>= 1.0.0)
      puppetlabs/stdlib (>= 2.4.0)
    puppetlabs/apt (1.3.0)
      puppetlabs/stdlib (>= 2.2.1)
    puppetlabs/concat (1.0.0-rc1)
    puppetlabs/mysql (0.9.0)
      puppetlabs/stdlib (>= 2.2.1)
    puppetlabs/stdlib (4.1.0)
    saz/php (1.0.4)

GIT
  remote: git@github.com:jbussdieker/puppet-redis.git
  ref: master
  sha: 9b717cbed264d2af055631fe50889e38ab9b7d36
  specs:
    redis (0.0.2)

GIT
  remote: git@github.com:jbussdieker/puppet-varnish.git
  ref: master
  sha: 9b2ecdea71ff13c0b6deda85a93843068b541271
  specs:
    varnish (0.0.2)

DEPENDENCIES
  puppetlabs/apache (>= 0)
  puppetlabs/apt (>= 0)
  puppetlabs/mysql (>= 0)
  redis (>= 0)
  saz/php (>= 0)
  varnish (>= 0)

